
Microsoft Visual Studio Solution File, Format Version 12.00
# Visual Studio 15
VisualStudioVersion = 15.0.28307.271
MinimumVisualStudioVersion = 10.0.40219.1
Project("{FAE04EC0-301F-11D3-BF4B-00C04F79EFBC}") = "XMLBasicConsoleApp", "XMLBasicConsoleApp\XMLBasicConsoleApp.csproj", "{6752CA24-C480-43A4-9122-1DF35B7C9425}"
EndProject
Global
	GlobalSection(SolutionConfigurationPlatforms) = preSolution
		Debug|Any CPU = Debug|Any CPU
		Release|Any CPU = Release|Any CPU
	EndGlobalSection
	GlobalSection(ProjectConfigurationPlatforms) = postSolution
		{6752CA24-C480-43A4-9122-1DF35B7C9425}.Debug|Any CPU.ActiveCfg = Debug|Any CPU
		{6752CA24-C480-43A4-9122-1DF35B7C9425}.Debug|Any CPU.Build.0 = Debug|Any CPU
		{6752CA24-C480-43A4-9122-1DF35B7C9425}.Release|Any CPU.ActiveCfg = Release|Any CPU
		{6752CA24-C480-43A4-9122-1DF35B7C9425}.Release|Any CPU.Build.0 = Release|Any CPU
	EndGlobalSection
	GlobalSection(SolutionProperties) = preSolution
		HideSolutionNode = FALSE
	EndGlobalSection
	GlobalSection(ExtensibilityGlobals) = postSolution
		SolutionGuid = {D3DBB516-891A-4D6F-A38E-35AF611EF6F1}
	EndGlobalSection
EndGlobal
